// !$*UTF8*$!
{
	archiveVersion = 1;
	classes = {
	};
	objectVersion = 56;
	objects = {

/* Begin PBXBuildFile section */
		BCB10AD72D94DC7DDB053D95 /* Pods_CocoaPodsTutorial.framework in Frameworks */ = {isa = PBXBuildFile; fileRef = 40E0C08230C82978F6DBF1AB /* Pods_CocoaPodsTutorial.framework */; };
		CD278B502AB90EB30054713E /* AppDelegate.swift in Sources */ = {isa = PBXBuildFile; fileRef = CD278B4F2AB90EB30054713E /* AppDelegate.swift */; };
		CD278B522AB90EB30054713E /* SceneDelegate.swift in Sources */ = {isa = PBXBuildFile; fileRef = CD278B512AB90EB30054713E /* SceneDelegate.swift */; };
		CD278B542AB90EB30054713E /* ViewController.swift in Sources */ = {isa = PBXBuildFile; fileRef = CD278B532AB90EB30054713E /* ViewController.swift */; };
		CD278B572AB90EB30054713E /* Main.storyboard in Resources */ = {isa = PBXBuildFile; fileRef = CD278B552AB90EB30054713E /* Main.storyboard */; };
		CD278B592AB90EB50054713E /* Assets.xcassets in Resources */ = {isa = PBXBuildFile; fileRef = CD278B582AB90EB50054713E /* Assets.xcassets */; };
		CD278B5C2AB90EB50054713E /* LaunchScreen.storyboard in Resources */ = {isa = PBXBuildFile; fileRef = CD278B5A2AB90EB50054713E /* LaunchScreen.storyboard */; };
/* End PBXBuildFile section */

/* Begin PBXFileReference section */
		40E0C08230C82978F6DBF1AB /* Pods_CocoaPodsTutorial.framework */ = {isa = PBXFileReference; explicitFileType = wrapper.framework; includeInIndex = 0; path = Pods_CocoaPodsTutorial.framework; sourceTree = BUILT_PRODUCTS_DIR; };
		AC55EB055764091777B2CD72 /* Pods-CocoaPodsTutorial.release.xcconfig */ = {isa = PBXFileReference; includeInIndex = 1; lastKnownFileType = text.xcconfig; name = "Pods-CocoaPodsTutorial.release.xcconfig"; path = "Target Support Files/Pods-CocoaPodsTutorial/Pods-CocoaPodsTutorial.release.xcconfig"; sourceTree = "<group>"; };
		CD278B4C2AB90EB30054713E /* CocoaPodsTutorial.app */ = {isa = PBXFileReference; explicitFileType = wrapper.application; includeInIndex = 0; path = CocoaPodsTutorial.app; sourceTree = BUILT_PRODUCTS_DIR; };
		CD278B4F2AB90EB30054713E /* AppDelegate.swift */ = {isa = PBXFileReference; lastKnownFileType = sourcecode.swift; path = AppDelegate.swift; sourceTree = "<group>"; };
		CD278B512AB90EB30054713E /* SceneDelegate.swift */ = {isa = PBXFileReference; lastKnownFileType = sourcecode.swift; path = SceneDelegate.swift; sourceTree = "<group>"; };
		CD278B532AB90EB30054713E /* ViewController.swift */ = {isa = PBXFileReference; lastKnownFileType = sourcecode.swift; path = ViewController.swift; sourceTree = "<group>"; };
		CD278B562AB90EB30054713E /* Base */ = {isa = PBXFileReference; lastKnownFileType = file.storyboard; name = Base; path = Base.lproj/Main.storyboard; sourceTree = "<group>"; };
		CD278B582AB90EB50054713E /* Assets.xcassets */ = {isa = PBXFileReference; lastKnownFileType = folder.assetcatalog; path = Assets.xcassets; sourceTree = "<group>"; };
		CD278B5B2AB90EB50054713E /* Base */ = {isa = PBXFileReference; lastKnownFileType = file.storyboard; name = Base; path = Base.lproj/LaunchScreen.storyboard; sourceTree = "<group>"; };
		CD278B5D2AB90EB50054713E /* Info.plist */ = {isa = PBXFileReference; lastKnownFileType = text.plist.xml; path = Info.plist; sourceTree = "<group>"; };
		E3C78FEF1638CBF53FDD3938 /* Pods-CocoaPodsTutorial.debug.xcconfig */ = {isa = PBXFileReference; includeInIndex = 1; lastKnownFileType = text.xcconfig; name = "Pods-CocoaPodsTutorial.debug.xcconfig"; path = "Target Support Files/Pods-CocoaPodsTutorial/Pods-CocoaPodsTutorial.debug.xcconfig"; sourceTree = "<group>"; };
/* End PBXFileReference section */

/* Begin PBXFrameworksBuildPhase section */
		CD278B492AB90EB30054713E /* Frameworks */ = {
			isa = PBXFrameworksBuildPhase;
			buildActionMask = 2147483647;
			files = (
				BCB10AD72D94DC7DDB053D95 /* Pods_CocoaPodsTutorial.framework in Frameworks */,
			);
			runOnlyForDeploymentPostprocessing = 0;
		};
/* End PBXFrameworksBuildPhase section */

/* Begin PBXGroup section */
		58B8A8D7B43C97EE26DBC2B5 /* Pods */ = {
			isa = PBXGroup;
			children = (
				E3C78FEF1638CBF53FDD3938 /* Pods-CocoaPodsTutorial.debug.xcconfig */,
				AC55EB055764091777B2CD72 /* Pods-CocoaPodsTutorial.release.xcconfig */,
			);
			name = Pods;
			path = Pods;
			sourceTree = "<group>";
		};
		59FF5555803FC80EF063CC93 /* Frameworks */ = {
			isa = PBXGroup;
			children = (
				40E0C08230C82978F6DBF1AB /* Pods_CocoaPodsTutorial.framework */,
			);
			name = Frameworks;
			sourceTree = "<group>";
		};
		CD278B432AB90EB30054713E = {
			isa = PBXGroup;
			children = (
				CD278B4E2AB90EB30054713E /* CocoaPodsTutorial */,
				CD278B4D2AB90EB30054713E /* Products */,
				58B8A8D7B43C97EE26DBC2B5 /* Pods */,
				59FF5555803FC80EF063CC93 /* Frameworks */,
			);
			sourceTree = "<group>";
		};
		CD278B4D2AB90EB30054713E /* Products */ = {
			isa = PBXGroup;
			children = (
				CD278B4C2AB90EB30054713E /* CocoaPodsTutorial.app */,
			);
			name = Products;
			sourceTree = "<group>";
		};
		CD278B4E2AB90EB30054713E /* CocoaPodsTutorial */ = {
			isa = PBXGroup;
			children = (
				CD278B4F2AB90EB30054713E /* AppDelegate.swift */,
				CD278B512AB90EB30054713E /* SceneDelegate.swift */,
				CD278B532AB90EB30054713E /* ViewController.swift */,
				CD278B552AB90EB30054713E /* Main.storyboard */,
				CD278B582AB90EB50054713E /* Assets.xcassets */,
				CD278B5A2AB90EB50054713E /* LaunchScreen.storyboard */,
				CD278B5D2AB90EB50054713E /* Info.plist */,
			);
			path = CocoaPodsTutorial;
			sourceTree = "<group>";
		};
/* End PBXGroup section */

/* Begin PBXNativeTarget section */
		CD278B4B2AB90EB30054713E /* CocoaPodsTutorial */ = {
			isa = PBXNativeTarget;
			buildConfigurationList = CD278B602AB90EB50054713E /* Build configuration list for PBXNativeTarget "CocoaPodsTutorial" */;
			buildPhases = (
				60B1509614E43F702360C862 /* [CP] Check Pods Manifest.lock */,
				CD278B482AB90EB30054713E /* Sources */,
				CD278B492AB90EB30054713E /* Frameworks */,
				CD278B4A2AB90EB30054713E /* Resources */,
			);
			buildRules = (
			);
			dependencies = (
			);
			name = CocoaPodsTutorial;
			productName = CocoaPodsTutorial;
			productReference = CD278B4C2AB90EB30054713E /* CocoaPodsTutorial.app */;
			productType = "com.apple.product-type.application";
		};
/* End PBXNativeTarget section */

/* Begin PBXProject section */
		CD278B442AB90EB30054713E /* Project object */ = {
			isa = PBXProject;
			attributes = {
				BuildIndependentTargetsInParallel = 1;
				LastSwiftUpdateCheck = 1410;
				LastUpgradeCheck = 1410;
				TargetAttributes = {
					CD278B4B2AB90EB30054713E = {
						CreatedOnToolsVersion = 14.1;
					};
				};
			};
			buildConfigurationList = CD278B472AB90EB30054713E /* Build configuration list for PBXProject "CocoaPodsTutorial" */;
			compatibilityVersion = "Xcode 14.0";
			developmentRegion = en;
			hasScannedForEncodings = 0;
			knownRegions = (
				en,
				Base,
			);
			mainGroup = CD278B432AB90EB30054713E;
			productRefGroup = CD278B4D2AB90EB30054713E /* Products */;
			projectDirPath = "";
			projectRoot = "";
			targets = (
				CD278B4B2AB90EB30054713E /* CocoaPodsTutorial */,
			);
		};
/* End PBXProject section */

/* Begin PBXResourcesBuildPhase section */
		CD278B4A2AB90EB30054713E /* Resources */ = {
			isa = PBXResourcesBuildPhase;
			buildActionMask = 2147483647;
			files = (
				CD278B5C2AB90EB50054713E /* LaunchScreen.storyboard in Resources */,
				CD278B592AB90EB50054713E /* Assets.xcassets in Resources */,
				CD278B572AB90EB30054713E /* Main.storyboard in Resources */,
			);
			runOnlyForDeploymentPostprocessing = 0;
		};
/* End PBXResourcesBuildPhase section */

/* Begin PBXShellScriptBuildPhase section */
		60B1509614E43F702360C862 /* [CP] Check Pods Manifest.lock */ = {
			isa = PBXShellScriptBuildPhase;
			buildActionMask = 2147483647;
			files = (
			);
			inputFileListPaths = (
			);
			inputPaths = (
				"${PODS_PODFILE_DIR_PATH}/Podfile.lock",
				"${PODS_ROOT}/Manifest.lock",
			);
			name = "[CP] Check Pods Manifest.lock";
			outputFileListPaths = (
			);
			outputPaths = (
				"$(DERIVED_FILE_DIR)/Pods-CocoaPodsTutorial-checkManifestLockResult.txt",
			);
			runOnlyForDeploymentPostprocessing = 0;
			shellPath = /bin/sh;
			shellScript = "diff \"${PODS_PODFILE_DIR_PATH}/Podfile.lock\" \"${PODS_ROOT}/Manifest.lock\" > /dev/null\nif [ $? != 0 ] ; then\n    # print error to STDERR\n    echo \"error: The sandbox is not in sync with the Podfile.lock. Run 'pod install' or update your CocoaPods installation.\" >&2\n    exit 1\nfi\n# This output is used by Xcode 'outputs' to avoid re-running this script phase.\necho \"SUCCESS\" > \"${SCRIPT_OUTPUT_FILE_0}\"\n";
			showEnvVarsInLog = 0;
		};
/* End PBXShellScriptBuildPhase section */

/* Begin PBXSourcesBuildPhase section */
		CD278B482AB90EB30054713E /* Sources */ = {
			isa = PBXSourcesBuildPhase;
			buildActionMask = 2147483647;
			files = (
				CD278B542AB90EB30054713E /* ViewController.swift in Sources */,
				CD278B502AB90EB30054713E /* AppDelegate.swift in Sources */,
				CD278B522AB90EB30054713E /* SceneDelegate.swift in Sources */,
			);
			runOnlyForDeploymentPostprocessing = 0;
		};
/* End PBXSourcesBuildPhase section */

/* Begin PBXVariantGroup section */
		CD278B552AB90EB30054713E /* Main.storyboard */ = {
			isa = PBXVariantGroup;
			children = (
				CD278B562AB90EB30054713E /* Base */,
			);
			name = Main.storyboard;
			sourceTree = "<group>";
		};
		CD278B5A2AB90EB50054713E /* LaunchScreen.storyboard */ = {
			isa = PBXVariantGroup;
			children = (
				CD278B5B2AB90EB50054713E /* Base */,
			);
			name = LaunchScreen.storyboard;
			sourceTree = "<group>";
		};
/* End PBXVariantGroup section */

/* Begin XCBuildConfiguration section */
		CD278B5E2AB90EB50054713E /* Debug */ = {
			isa = XCBuildConfiguration;
			buildSettings = {
				ALWAYS_SEARCH_USER_PATHS = NO;
				CLANG_ANALYZER_NONNULL = YES;
				CLANG_ANALYZER_NUMBER_OBJECT_CONVERSION = YES_AGGRESSIVE;
				CLANG_CXX_LANGUAGE_STANDARD = "gnu++20";
				CLANG_ENABLE_MODULES = YES;
				CLANG_ENABLE_OBJC_ARC = YES;
				CLANG_ENABLE_OBJC_WEAK = YES;
				CLANG_WARN_BLOCK_CAPTURE_AUTORELEASING = YES;
				CLANG_WARN_BOOL_CONVERSION = YES;
				CLANG_WARN_COMMA = YES;
				CLANG_WARN_CONSTANT_CONVERSION = YES;
				CLANG_WARN_DEPRECATED_OBJC_IMPLEMENTATIONS = YES;
				CLANG_WARN_DIRECT_OBJC_ISA_USAGE = YES_ERROR;
				CLANG_WARN_DOCUMENTATION_COMMENTS = YES;
				CLANG_WARN_EMPTY_BODY = YES;
				CLANG_WARN_ENUM_CONVERSION = YES;
				CLANG_WARN_INFINITE_RECURSION = YES;
				CLANG_WARN_INT_CONVERSION = YES;
				CLANG_WARN_NON_LITERAL_NULL_CONVERSION = YES;
				CLANG_WARN_OBJC_IMPLICIT_RETAIN_SELF = YES;
				CLANG_WARN_OBJC_LITERAL_CONVERSION = YES;
				CLANG_WARN_OBJC_ROOT_CLASS = YES_ERROR;
				CLANG_WARN_QUOTED_INCLUDE_IN_FRAMEWORK_HEADER = YES;
				CLANG_WARN_RANGE_LOOP_ANALYSIS = YES;
				CLANG_WARN_STRICT_PROTOTYPES = YES;
				CLANG_WARN_SUSPICIOUS_MOVE = YES;
				CLANG_WARN_UNGUARDED_AVAILABILITY = YES_AGGRESSIVE;
				CLANG_WARN_UNREACHABLE_CODE = YES;
				CLANG_WARN__DUPLICATE_METHOD_MATCH = YES;
				COPY_PHASE_STRIP = NO;
				DEBUG_INFORMATION_FORMAT = dwarf;
				ENABLE_STRICT_OBJC_MSGSEND = YES;
				ENABLE_TESTABILITY = YES;
				GCC_C_LANGUAGE_STANDARD = gnu11;
				GCC_DYNAMIC_NO_PIC = NO;
				GCC_NO_COMMON_BLOCKS = YES;
				GCC_OPTIMIZATION_LEVEL = 0;
				GCC_PREPROCESSOR_DEFINITIONS = (
					"DEBUG=1",
					"$(inherited)",
				);
				GCC_WARN_64_TO_32_BIT_CONVERSION = YES;
				GCC_WARN_ABOUT_RETURN_TYPE = YES_ERROR;
				GCC_WARN_UNDECLARED_SELECTOR = YES;
				GCC_WARN_UNINITIALIZED_AUTOS = YES_AGGRESSIVE;
				GCC_WARN_UNUSED_FUNCTION = YES;
				GCC_WARN_UNUSED_VARIABLE = YES;
				IPHONEOS_DEPLOYMENT_TARGET = 16.1;
				MTL_ENABLE_DEBUG_INFO = INCLUDE_SOURCE;
				MTL_FAST_MATH = YES;
				ONLY_ACTIVE_ARCH = YES;
				SDKROOT = iphoneos;
				SWIFT_ACTIVE_COMPILATION_CONDITIONS = DEBUG;
				SWIFT_OPTIMIZATION_LEVEL = "-Onone";
			};
			name = Debug;
		};
		CD278B5F2AB90EB50054713E /* Release */ = {
			isa = XCBuildConfiguration;
			buildSettings = {
				ALWAYS_SEARCH_USER_PATHS = NO;
				CLANG_ANALYZER_NONNULL = YES;
				CLANG_ANALYZER_NUMBER_OBJECT_CONVERSION = YES_AGGRESSIVE;
				CLANG_CXX_LANGUAGE_STANDARD = "gnu++20";
				CLANG_ENABLE_MODULES = YES;
				CLANG_ENABLE_OBJC_ARC = YES;
				CLANG_ENABLE_OBJC_WEAK = YES;
				CLANG_WARN_BLOCK_CAPTURE_AUTORELEASING = YES;
				CLANG_WARN_BOOL_CONVERSION = YES;
				CLANG_WARN_COMMA = YES;
				CLANG_WARN_CONSTANT_CONVERSION = YES;
				CLANG_WARN_DEPRECATED_OBJC_IMPLEMENTATIONS = YES;
				CLANG_WARN_DIRECT_OBJC_ISA_USAGE = YES_ERROR;
				CLANG_WARN_DOCUMENTATION_COMMENTS = YES;
				CLANG_WARN_EMPTY_BODY = YES;
				CLANG_WARN_ENUM_CONVERSION = YES;
				CLANG_WARN_INFINITE_RECURSION = YES;
				CLANG_WARN_INT_CONVERSION = YES;
				CLANG_WARN_NON_LITERAL_NULL_CONVERSION = YES;
				CLANG_WARN_OBJC_IMPLICIT_RETAIN_SELF = YES;
				CLANG_WARN_OBJC_LITERAL_CONVERSION = YES;
				CLANG_WARN_OBJC_ROOT_CLASS = YES_ERROR;
				CLANG_WARN_QUOTED_INCLUDE_IN_FRAMEWORK_HEADER = YES;
				CLANG_WARN_RANGE_LOOP_ANALYSIS = YES;
				CLANG_WARN_STRICT_PROTOTYPES = YES;
				CLANG_WARN_SUSPICIOUS_MOVE = YES;
				CLANG_WARN_UNGUARDED_AVAILABILITY = YES_AGGRESSIVE;
				CLANG_WARN_UNREACHABLE_CODE = YES;
				CLANG_WARN__DUPLICATE_METHOD_MATCH = YES;
				COPY_PHASE_STRIP = NO;
				DEBUG_INFORMATION_FORMAT = "dwarf-with-dsym";
				ENABLE_NS_ASSERTIONS = NO;
				ENABLE_STRICT_OBJC_MSGSEND = YES;
				GCC_C_LANGUAGE_STANDARD = gnu11;
				GCC_NO_COMMON_BLOCKS = YES;
				GCC_WARN_64_TO_32_BIT_CONVERSION = YES;
				GCC_WARN_ABOUT_RETURN_TYPE = YES_ERROR;
				GCC_WARN_UNDECLARED_SELECTOR = YES;
				GCC_WARN_UNINITIALIZED_AUTOS = YES_AGGRESSIVE;
				GCC_WARN_UNUSED_FUNCTION = YES;
				GCC_WARN_UNUSED_VARIABLE = YES;
				IPHONEOS_DEPLOYMENT_TARGET = 16.1;
				MTL_ENABLE_DEBUG_INFO = NO;
				MTL_FAST_MATH = YES;
				SDKROOT = iphoneos;
				SWIFT_COMPILATION_MODE = wholemodule;
				SWIFT_OPTIMIZATION_LEVEL = "-O";
				VALIDATE_PRODUCT = YES;
			};
			name = Release;
		};
		CD278B612AB90EB50054713E /* Debug */ = {
			isa = XCBuildConfiguration;
			baseConfigurationReference = E3C78FEF1638CBF53FDD3938 /* Pods-CocoaPodsTutorial.debug.xcconfig */;
			buildSettings = {
				ASSETCATALOG_COMPILER_APPICON_NAME = AppIcon;
				ASSETCATALOG_COMPILER_GLOBAL_ACCENT_COLOR_NAME = AccentColor;
				CODE_SIGN_STYLE = Automatic;
				CURRENT_PROJECT_VERSION = 1;
				GENERATE_INFOPLIST_FILE = YES;
				INFOPLIST_FILE = CocoaPodsTutorial/Info.plist;
				INFOPLIST_KEY_UIApplicationSupportsIndirectInputEvents = YES;
				INFOPLIST_KEY_UILaunchStoryboardName = LaunchScreen;
				INFOPLIST_KEY_UIMainStoryboardFile = Main;
				INFOPLIST_KEY_UISupportedInterfaceOrientations_iPad = "UIInterfaceOrientationPortrait UIInterfaceOrientationPortraitUpsideDown UIInterfaceOrientationLandscapeLeft UIInterfaceOrientationLandscapeRight";
				INFOPLIST_KEY_UISupportedInterfaceOrientations_iPhone = "UIInterfaceOrientationPortrait UIInterfaceOrientationLandscapeLeft UIInterfaceOrientationLandscapeRight";
				LD_RUNPATH_SEARCH_PATHS = (
					"$(inherited)",
					"@executable_path/Frameworks",
				);
				MARKETING_VERSION = 1.0;
				PRODUCT_BUNDLE_IDENTIFIER = OttoCabanillas.CocoaPodsTutorial;
				PRODUCT_NAME = "$(TARGET_NAME)";
				SWIFT_EMIT_LOC_STRINGS = YES;
				SWIFT_VERSION = 5.0;
				TARGETED_DEVICE_FAMILY = "1,2";
			};
			name = Debug;
		};
		CD278B622AB90EB50054713E /* Release */ = {
			isa = XCBuildConfiguration;
			baseConfigurationReference = AC55EB055764091777B2CD72 /* Pods-CocoaPodsTutorial.release.xcconfig */;
			buildSettings = {
				ASSETCATALOG_COMPILER_APPICON_NAME = AppIcon;
				ASSETCATALOG_COMPILER_GLOBAL_ACCENT_COLOR_NAME = AccentColor;
				CODE_SIGN_STYLE = Automatic;
				CURRENT_PROJECT_VERSION = 1;
				GENERATE_INFOPLIST_FILE = YES;
				INFOPLIST_FILE = CocoaPodsTutorial/Info.plist;
				INFOPLIST_KEY_UIApplicationSupportsIndirectInputEvents = YES;
				INFOPLIST_KEY_UILaunchStoryboardName = LaunchScreen;
				INFOPLIST_KEY_UIMainStoryboardFile = Main;
				INFOPLIST_KEY_UISupportedInterfaceOrientations_iPad = "UIInterfaceOrientationPortrait UIInterfaceOrientationPortraitUpsideDown UIInterfaceOrientationLandscapeLeft UIInterfaceOrientationLandscapeRight";
				INFOPLIST_KEY_UISupportedInterfaceOrientations_iPhone = "UIInterfaceOrientationPortrait UIInterfaceOrientationLandscapeLeft UIInterfaceOrientationLandscapeRight";
				LD_RUNPATH_SEARCH_PATHS = (
					"$(inherited)",
					"@executable_path/Frameworks",
				);
				MARKETING_VERSION = 1.0;
				PRODUCT_BUNDLE_IDENTIFIER = OttoCabanillas.CocoaPodsTutorial;
				PRODUCT_NAME = "$(TARGET_NAME)";
				SWIFT_EMIT_LOC_STRINGS = YES;
				SWIFT_VERSION = 5.0;
				TARGETED_DEVICE_FAMILY = "1,2";
			};
			name = Release;
		};
/* End XCBuildConfiguration section */

/* Begin XCConfigurationList section */
		CD278B472AB90EB30054713E /* Build configuration list for PBXProject "CocoaPodsTutorial" */ = {
			isa = XCConfigurationList;
			buildConfigurations = (
				CD278B5E2AB90EB50054713E /* Debug */,
				CD278B5F2AB90EB50054713E /* Release */,
			);
			defaultConfigurationIsVisible = 0;
			defaultConfigurationName = Release;
		};
		CD278B602AB90EB50054713E /* Build configuration list for PBXNativeTarget "CocoaPodsTutorial" */ = {
			isa = XCConfigurationList;
			buildConfigurations = (
				CD278B612AB90EB50054713E /* Debug */,
				CD278B622AB90EB50054713E /* Release */,
			);
			defaultConfigurationIsVisible = 0;
			defaultConfigurationName = Release;
		};
/* End XCConfigurationList section */
	};
	rootObject = CD278B442AB90EB30054713E /* Project object */;
}
